// !$*UTF8*$!
{
	archiveVersion = 1;
	classes = {
	};
	objectVersion = 54;
	objects = {

/* Begin PBXBuildFile section */
		DD51576B1ECC78B900BFD5CD /* AppDelegate.swift in Sources */ = {isa = PBXBuildFile; fileRef = DD51576A1ECC78B900BFD5CD /* AppDelegate.swift */; };
		DD51576F1ECC78B900BFD5CD /* Assets.xcassets in Resources */ = {isa = PBXBuildFile; fileRef = DD51576E1ECC78B900BFD5CD /* Assets.xcassets */; };
		DD5157721ECC78B900BFD5CD /* Main.storyboard in Resources */ = {isa = PBXBuildFile; fileRef = DD5157701ECC78B900BFD5CD /* Main.storyboard */; };
		DD51577B1ECC78F900BFD5CD /* UniversalAccess.framework in Frameworks */ = {isa = PBXBuildFile; fileRef = DD51577A1ECC78F900BFD5CD /* UniversalAccess.framework */; };
		DD51577E1ECC79AB00BFD5CD /* StatusItemController.swift in Sources */ = {isa = PBXBuildFile; fileRef = DD51577D1ECC79AB00BFD5CD /* StatusItemController.swift */; };
		DD5157841ECC7BE500BFD5CD /* Unsterificator.swift in Sources */ = {isa = PBXBuildFile; fileRef = DD5157831ECC7BE500BFD5CD /* Unsterificator.swift */; };
		F4E155432BB5AB40008354CD /* LaunchAtLogin in Frameworks */ = {isa = PBXBuildFile; productRef = F4E155422BB5AB40008354CD /* LaunchAtLogin */; };
		F4E155462BB5AB7F008354CD /* NSMenu+.swift in Sources */ = {isa = PBXBuildFile; fileRef = F4E155452BB5AB7F008354CD /* NSMenu+.swift */; };
		F4E1554A2BB5AC47008354CD /* StatusItemMenu.swift in Sources */ = {isa = PBXBuildFile; fileRef = F4E155492BB5AC47008354CD /* StatusItemMenu.swift */; };
		F4E1554C2BB5B1B8008354CD /* SettingsWindowController.swift in Sources */ = {isa = PBXBuildFile; fileRef = F4E1554B2BB5B1B8008354CD /* SettingsWindowController.swift */; };
		F4E155512BB5B445008354CD /* KeyboardShortcuts in Frameworks */ = {isa = PBXBuildFile; productRef = F4E155502BB5B445008354CD /* KeyboardShortcuts */; };
		F4E155532BB5BCA2008354CD /* Feedback-Stereo.caf in Resources */ = {isa = PBXBuildFile; fileRef = F4E155522BB5BCA2008354CD /* Feedback-Stereo.caf */; };
		F4E155552BB5BCAB008354CD /* AudioFeedback.swift in Sources */ = {isa = PBXBuildFile; fileRef = F4E155542BB5BCAB008354CD /* AudioFeedback.swift */; };
		F4E1555C2BB5BDAD008354CD /* Settings.swift in Sources */ = {isa = PBXBuildFile; fileRef = F4E1555B2BB5BDAD008354CD /* Settings.swift */; };
		F4E1555E2BB5BEBA008354CD /* Feedback-Mono.caf in Resources */ = {isa = PBXBuildFile; fileRef = F4E1555D2BB5BEBA008354CD /* Feedback-Mono.caf */; };
/* End PBXBuildFile section */

/* Begin PBXFileReference section */
		DD5157671ECC78B900BFD5CD /* Unsterificator.app */ = {isa = PBXFileReference; explicitFileType = wrapper.application; includeInIndex = 0; path = Unsterificator.app; sourceTree = BUILT_PRODUCTS_DIR; };
		DD51576A1ECC78B900BFD5CD /* AppDelegate.swift */ = {isa = PBXFileReference; lastKnownFileType = sourcecode.swift; path = AppDelegate.swift; sourceTree = "<group>"; };
		DD51576E1ECC78B900BFD5CD /* Assets.xcassets */ = {isa = PBXFileReference; lastKnownFileType = folder.assetcatalog; path = Assets.xcassets; sourceTree = "<group>"; };
		DD5157711ECC78B900BFD5CD /* Base */ = {isa = PBXFileReference; lastKnownFileType = file.storyboard; name = Base; path = Base.lproj/Main.storyboard; sourceTree = "<group>"; };
		DD5157731ECC78B900BFD5CD /* Info.plist */ = {isa = PBXFileReference; lastKnownFileType = text.plist.xml; path = Info.plist; sourceTree = "<group>"; };
		DD51577A1ECC78F900BFD5CD /* UniversalAccess.framework */ = {isa = PBXFileReference; lastKnownFileType = wrapper.framework; name = UniversalAccess.framework; path = ../../../../../System/Library/PrivateFrameworks/UniversalAccess.framework; sourceTree = "<group>"; };
		DD51577C1ECC791200BFD5CD /* Unsterificator_Bridging_Header.h */ = {isa = PBXFileReference; lastKnownFileType = sourcecode.c.h; path = Unsterificator_Bridging_Header.h; sourceTree = "<group>"; };
		DD51577D1ECC79AB00BFD5CD /* StatusItemController.swift */ = {isa = PBXFileReference; fileEncoding = 4; lastKnownFileType = sourcecode.swift; path = StatusItemController.swift; sourceTree = "<group>"; };
		DD5157831ECC7BE500BFD5CD /* Unsterificator.swift */ = {isa = PBXFileReference; fileEncoding = 4; lastKnownFileType = sourcecode.swift; path = Unsterificator.swift; sourceTree = "<group>"; };
		F4E155452BB5AB7F008354CD /* NSMenu+.swift */ = {isa = PBXFileReference; lastKnownFileType = sourcecode.swift; path = "NSMenu+.swift"; sourceTree = "<group>"; };
		F4E155492BB5AC47008354CD /* StatusItemMenu.swift */ = {isa = PBXFileReference; lastKnownFileType = sourcecode.swift; path = StatusItemMenu.swift; sourceTree = "<group>"; };
		F4E1554B2BB5B1B8008354CD /* SettingsWindowController.swift */ = {isa = PBXFileReference; lastKnownFileType = sourcecode.swift; path = SettingsWindowController.swift; sourceTree = "<group>"; };
		F4E155522BB5BCA2008354CD /* Feedback-Stereo.caf */ = {isa = PBXFileReference; lastKnownFileType = file; path = "Feedback-Stereo.caf"; sourceTree = "<group>"; };
		F4E155542BB5BCAB008354CD /* AudioFeedback.swift */ = {isa = PBXFileReference; lastKnownFileType = sourcecode.swift; path = AudioFeedback.swift; sourceTree = "<group>"; };
		F4E1555B2BB5BDAD008354CD /* Settings.swift */ = {isa = PBXFileReference; lastKnownFileType = sourcecode.swift; path = Settings.swift; sourceTree = "<group>"; };
		F4E1555D2BB5BEBA008354CD /* Feedback-Mono.caf */ = {isa = PBXFileReference; lastKnownFileType = file; path = "Feedback-Mono.caf"; sourceTree = "<group>"; };
/* End PBXFileReference section */

/* Begin PBXFrameworksBuildPhase section */
		DD5157641ECC78B900BFD5CD /* Frameworks */ = {
			isa = PBXFrameworksBuildPhase;
			buildActionMask = 2147483647;
			files = (
				F4E155432BB5AB40008354CD /* LaunchAtLogin in Frameworks */,
				DD51577B1ECC78F900BFD5CD /* UniversalAccess.framework in Frameworks */,
				F4E155512BB5B445008354CD /* KeyboardShortcuts in Frameworks */,
			);
			runOnlyForDeploymentPostprocessing = 0;
		};
/* End PBXFrameworksBuildPhase section */

/* Begin PBXGroup section */
		DD51575E1ECC78B900BFD5CD = {
			isa = PBXGroup;
			children = (
				DD5157691ECC78B900BFD5CD /* Unsterificator */,
				DD5157681ECC78B900BFD5CD /* Products */,
				DD5157791ECC78F800BFD5CD /* Frameworks */,
			);
			sourceTree = "<group>";
		};
		DD5157681ECC78B900BFD5CD /* Products */ = {
			isa = PBXGroup;
			children = (
				DD5157671ECC78B900BFD5CD /* Unsterificator.app */,
			);
			name = Products;
			sourceTree = "<group>";
		};
		DD5157691ECC78B900BFD5CD /* Unsterificator */ = {
			isa = PBXGroup;
			children = (
				DD5157821ECC79C300BFD5CD /* UI */,
				DD5157801ECC79B700BFD5CD /* Bootstrap */,
				DD51577F1ECC79AF00BFD5CD /* Resources */,
				DD5157811ECC79BB00BFD5CD /* Core */,
			);
			path = Unsterificator;
			sourceTree = "<group>";
		};
		DD5157791ECC78F800BFD5CD /* Frameworks */ = {
			isa = PBXGroup;
			children = (
				DD51577A1ECC78F900BFD5CD /* UniversalAccess.framework */,
			);
			name = Frameworks;
			sourceTree = "<group>";
		};
		DD51577F1ECC79AF00BFD5CD /* Resources */ = {
			isa = PBXGroup;
			children = (
				F4E155522BB5BCA2008354CD /* Feedback-Stereo.caf */,
				F4E1555D2BB5BEBA008354CD /* Feedback-Mono.caf */,
				DD51576E1ECC78B900BFD5CD /* Assets.xcassets */,
				DD5157701ECC78B900BFD5CD /* Main.storyboard */,
				DD5157731ECC78B900BFD5CD /* Info.plist */,
			);
			name = Resources;
			sourceTree = "<group>";
		};
		DD5157801ECC79B700BFD5CD /* Bootstrap */ = {
			isa = PBXGroup;
			children = (
				F4E1555B2BB5BDAD008354CD /* Settings.swift */,
				DD51576A1ECC78B900BFD5CD /* AppDelegate.swift */,
			);
			name = Bootstrap;
			sourceTree = "<group>";
		};
		DD5157811ECC79BB00BFD5CD /* Core */ = {
			isa = PBXGroup;
			children = (
				DD51577C1ECC791200BFD5CD /* Unsterificator_Bridging_Header.h */,
				DD5157831ECC7BE500BFD5CD /* Unsterificator.swift */,
			);
			name = Core;
			sourceTree = "<group>";
		};
		DD5157821ECC79C300BFD5CD /* UI */ = {
			isa = PBXGroup;
			children = (
				F4E155442BB5AB76008354CD /* Components */,
				DD51577D1ECC79AB00BFD5CD /* StatusItemController.swift */,
			);
			name = UI;
			sourceTree = "<group>";
		};
		F4E155442BB5AB76008354CD /* Components */ = {
			isa = PBXGroup;
			children = (
				F4E155452BB5AB7F008354CD /* NSMenu+.swift */,
				F4E155492BB5AC47008354CD /* StatusItemMenu.swift */,
				F4E1554B2BB5B1B8008354CD /* SettingsWindowController.swift */,
				F4E155542BB5BCAB008354CD /* AudioFeedback.swift */,
			);
			name = Components;
			sourceTree = "<group>";
		};
/* End PBXGroup section */

/* Begin PBXNativeTarget section */
		DD5157661ECC78B900BFD5CD /* Unsterificator */ = {
			isa = PBXNativeTarget;
			buildConfigurationList = DD5157761ECC78B900BFD5CD /* Build configuration list for PBXNativeTarget "Unsterificator" */;
			buildPhases = (
				DD5157631ECC78B900BFD5CD /* Sources */,
				DD5157641ECC78B900BFD5CD /* Frameworks */,
				DD5157651ECC78B900BFD5CD /* Resources */,
			);
			buildRules = (
			);
			dependencies = (
			);
			name = Unsterificator;
			packageProductDependencies = (
				F4E155422BB5AB40008354CD /* LaunchAtLogin */,
				F4E155502BB5B445008354CD /* KeyboardShortcuts */,
			);
			productName = Unsterificator;
			productReference = DD5157671ECC78B900BFD5CD /* Unsterificator.app */;
			productType = "com.apple.product-type.application";
		};
/* End PBXNativeTarget section */

/* Begin PBXProject section */
		DD51575F1ECC78B900BFD5CD /* Project object */ = {
			isa = PBXProject;
			attributes = {
				BuildIndependentTargetsInParallel = YES;
				LastSwiftUpdateCheck = 0830;
				LastUpgradeCheck = 1530;
				ORGANIZATIONNAME = "Guilherme Rambo";
				TargetAttributes = {
					DD5157661ECC78B900BFD5CD = {
						CreatedOnToolsVersion = 8.3.2;
						DevelopmentTeam = 8C7439RJLG;
						ProvisioningStyle = Automatic;
					};
				};
			};
			buildConfigurationList = DD5157621ECC78B900BFD5CD /* Build configuration list for PBXProject "Unsterificator" */;
			compatibilityVersion = "Xcode 3.2";
			developmentRegion = en;
			hasScannedForEncodings = 0;
			knownRegions = (
				en,
				Base,
			);
			mainGroup = DD51575E1ECC78B900BFD5CD;
			packageReferences = (
				F4E155412BB5AB40008354CD /* XCRemoteSwiftPackageReference "LaunchAtLogin" */,
				F4E1554F2BB5B445008354CD /* XCRemoteSwiftPackageReference "KeyboardShortcuts" */,
			);
			productRefGroup = DD5157681ECC78B900BFD5CD /* Products */;
			projectDirPath = "";
			projectRoot = "";
			targets = (
				DD5157661ECC78B900BFD5CD /* Unsterificator */,
			);
		};
/* End PBXProject section */

/* Begin PBXResourcesBuildPhase section */
		DD5157651ECC78B900BFD5CD /* Resources */ = {
			isa = PBXResourcesBuildPhase;
			buildActionMask = 2147483647;
			files = (
				F4E1555E2BB5BEBA008354CD /* Feedback-Mono.caf in Resources */,
				F4E155532BB5BCA2008354CD /* Feedback-Stereo.caf in Resources */,
				DD51576F1ECC78B900BFD5CD /* Assets.xcassets in Resources */,
				DD5157721ECC78B900BFD5CD /* Main.storyboard in Resources */,
			);
			runOnlyForDeploymentPostprocessing = 0;
		};
/* End PBXResourcesBuildPhase section */

/* Begin PBXSourcesBuildPhase section */
		DD5157631ECC78B900BFD5CD /* Sources */ = {
			isa = PBXSourcesBuildPhase;
			buildActionMask = 2147483647;
			files = (
				DD5157841ECC7BE500BFD5CD /* Unsterificator.swift in Sources */,
				F4E155552BB5BCAB008354CD /* AudioFeedback.swift in Sources */,
				F4E1555C2BB5BDAD008354CD /* Settings.swift in Sources */,
				F4E1554A2BB5AC47008354CD /* StatusItemMenu.swift in Sources */,
				F4E155462BB5AB7F008354CD /* NSMenu+.swift in Sources */,
				DD51577E1ECC79AB00BFD5CD /* StatusItemController.swift in Sources */,
				F4E1554C2BB5B1B8008354CD /* SettingsWindowController.swift in Sources */,
				DD51576B1ECC78B900BFD5CD /* AppDelegate.swift in Sources */,
			);
			runOnlyForDeploymentPostprocessing = 0;
		};
/* End PBXSourcesBuildPhase section */

/* Begin PBXVariantGroup section */
		DD5157701ECC78B900BFD5CD /* Main.storyboard */ = {
			isa = PBXVariantGroup;
			children = (
				DD5157711ECC78B900BFD5CD /* Base */,
			);
			name = Main.storyboard;
			sourceTree = "<group>";
		};
/* End PBXVariantGroup section */

/* Begin XCBuildConfiguration section */
		DD5157741ECC78B900BFD5CD /* Debug */ = {
			isa = XCBuildConfiguration;
			buildSettings = {
				ALWAYS_SEARCH_USER_PATHS = NO;
				CLANG_ANALYZER_NONNULL = YES;
				CLANG_ANALYZER_NUMBER_OBJECT_CONVERSION = YES_AGGRESSIVE;
				CLANG_CXX_LANGUAGE_STANDARD = "gnu++0x";
				CLANG_CXX_LIBRARY = "libc++";
				CLANG_ENABLE_MODULES = YES;
				CLANG_ENABLE_OBJC_ARC = YES;
				CLANG_WARN_BLOCK_CAPTURE_AUTORELEASING = YES;
				CLANG_WARN_BOOL_CONVERSION = YES;
				CLANG_WARN_COMMA = YES;
				CLANG_WARN_CONSTANT_CONVERSION = YES;
				CLANG_WARN_DEPRECATED_OBJC_IMPLEMENTATIONS = YES;
				CLANG_WARN_DIRECT_OBJC_ISA_USAGE = YES_ERROR;
				CLANG_WARN_DOCUMENTATION_COMMENTS = YES;
				CLANG_WARN_EMPTY_BODY = YES;
				CLANG_WARN_ENUM_CONVERSION = YES;
				CLANG_WARN_INFINITE_RECURSION = YES;
				CLANG_WARN_INT_CONVERSION = YES;
				CLANG_WARN_NON_LITERAL_NULL_CONVERSION = YES;
				CLANG_WARN_OBJC_IMPLICIT_RETAIN_SELF = YES;
				CLANG_WARN_OBJC_LITERAL_CONVERSION = YES;
				CLANG_WARN_OBJC_ROOT_CLASS = YES_ERROR;
				CLANG_WARN_QUOTED_INCLUDE_IN_FRAMEWORK_HEADER = YES;
				CLANG_WARN_RANGE_LOOP_ANALYSIS = YES;
				CLANG_WARN_STRICT_PROTOTYPES = YES;
				CLANG_WARN_SUSPICIOUS_MOVE = YES;
				CLANG_WARN_UNREACHABLE_CODE = YES;
				CLANG_WARN__DUPLICATE_METHOD_MATCH = YES;
				CODE_SIGN_IDENTITY = "-";
				COPY_PHASE_STRIP = NO;
				DEAD_CODE_STRIPPING = YES;
				DEBUG_INFORMATION_FORMAT = dwarf;
				ENABLE_STRICT_OBJC_MSGSEND = YES;
				ENABLE_TESTABILITY = YES;
				GCC_C_LANGUAGE_STANDARD = gnu99;
				GCC_DYNAMIC_NO_PIC = NO;
				GCC_NO_COMMON_BLOCKS = YES;
				GCC_OPTIMIZATION_LEVEL = 0;
				GCC_PREPROCESSOR_DEFINITIONS = (
					"DEBUG=1",
					"$(inherited)",
				);
				GCC_WARN_64_TO_32_BIT_CONVERSION = YES;
				GCC_WARN_ABOUT_RETURN_TYPE = YES_ERROR;
				GCC_WARN_UNDECLARED_SELECTOR = YES;
				GCC_WARN_UNINITIALIZED_AUTOS = YES_AGGRESSIVE;
				GCC_WARN_UNUSED_FUNCTION = YES;
				GCC_WARN_UNUSED_VARIABLE = YES;
				MACOSX_DEPLOYMENT_TARGET = 10.12;
				MTL_ENABLE_DEBUG_INFO = YES;
				ONLY_ACTIVE_ARCH = YES;
				SDKROOT = macosx;
				SWIFT_ACTIVE_COMPILATION_CONDITIONS = DEBUG;
				SWIFT_OPTIMIZATION_LEVEL = "-Onone";
			};
			name = Debug;
		};
		DD5157751ECC78B900BFD5CD /* Release */ = {
			isa = XCBuildConfiguration;
			buildSettings = {
				ALWAYS_SEARCH_USER_PATHS = NO;
				CLANG_ANALYZER_NONNULL = YES;
				CLANG_ANALYZER_NUMBER_OBJECT_CONVERSION = YES_AGGRESSIVE;
				CLANG_CXX_LANGUAGE_STANDARD = "gnu++0x";
				CLANG_CXX_LIBRARY = "libc++";
				CLANG_ENABLE_MODULES = YES;
				CLANG_ENABLE_OBJC_ARC = YES;
				CLANG_WARN_BLOCK_CAPTURE_AUTORELEASING = YES;
				CLANG_WARN_BOOL_CONVERSION = YES;
				CLANG_WARN_COMMA = YES;
				CLANG_WARN_CONSTANT_CONVERSION = YES;
				CLANG_WARN_DEPRECATED_OBJC_IMPLEMENTATIONS = YES;
				CLANG_WARN_DIRECT_OBJC_ISA_USAGE = YES_ERROR;
				CLANG_WARN_DOCUMENTATION_COMMENTS = YES;
				CLANG_WARN_EMPTY_BODY = YES;
				CLANG_WARN_ENUM_CONVERSION = YES;
				CLANG_WARN_INFINITE_RECURSION = YES;
				CLANG_WARN_INT_CONVERSION = YES;
				CLANG_WARN_NON_LITERAL_NULL_CONVERSION = YES;
				CLANG_WARN_OBJC_IMPLICIT_RETAIN_SELF = YES;
				CLANG_WARN_OBJC_LITERAL_CONVERSION = YES;
				CLANG_WARN_OBJC_ROOT_CLASS = YES_ERROR;
				CLANG_WARN_QUOTED_INCLUDE_IN_FRAMEWORK_HEADER = YES;
				CLANG_WARN_RANGE_LOOP_ANALYSIS = YES;
				CLANG_WARN_STRICT_PROTOTYPES = YES;
				CLANG_WARN_SUSPICIOUS_MOVE = YES;
				CLANG_WARN_UNREACHABLE_CODE = YES;
				CLANG_WARN__DUPLICATE_METHOD_MATCH = YES;
				CODE_SIGN_IDENTITY = "-";
				COPY_PHASE_STRIP = NO;
				DEAD_CODE_STRIPPING = YES;
				DEBUG_INFORMATION_FORMAT = "dwarf-with-dsym";
				ENABLE_NS_ASSERTIONS = NO;
				ENABLE_STRICT_OBJC_MSGSEND = YES;
				GCC_C_LANGUAGE_STANDARD = gnu99;
				GCC_NO_COMMON_BLOCKS = YES;
				GCC_WARN_64_TO_32_BIT_CONVERSION = YES;
				GCC_WARN_ABOUT_RETURN_TYPE = YES_ERROR;
				GCC_WARN_UNDECLARED_SELECTOR = YES;
				GCC_WARN_UNINITIALIZED_AUTOS = YES_AGGRESSIVE;
				GCC_WARN_UNUSED_FUNCTION = YES;
				GCC_WARN_UNUSED_VARIABLE = YES;
				MACOSX_DEPLOYMENT_TARGET = 10.12;
				MTL_ENABLE_DEBUG_INFO = NO;
				SDKROOT = macosx;
				SWIFT_COMPILATION_MODE = wholemodule;
				SWIFT_OPTIMIZATION_LEVEL = "-O";
			};
			name = Release;
		};
		DD5157771ECC78B900BFD5CD /* Debug */ = {
			isa = XCBuildConfiguration;
			buildSettings = {
				ASSETCATALOG_COMPILER_APPICON_NAME = AppIcon;
				ASSETCATALOG_COMPILER_GENERATE_SWIFT_ASSET_SYMBOL_EXTENSIONS = YES;
				ASSETCATALOG_COMPILER_GLOBAL_ACCENT_COLOR_NAME = AccentColor;
				COMBINE_HIDPI_IMAGES = YES;
				DEAD_CODE_STRIPPING = YES;
				DEVELOPMENT_TEAM = 8C7439RJLG;
				FRAMEWORK_SEARCH_PATHS = (
					"$(inherited)",
					"$(SYSTEM_LIBRARY_DIR)/PrivateFrameworks",
				);
				INFOPLIST_FILE = Unsterificator/Info.plist;
				INFOPLIST_KEY_LSApplicationCategoryType = "public.app-category.utilities";
				LD_RUNPATH_SEARCH_PATHS = (
					"$(inherited)",
					"@executable_path/../Frameworks",
				);
				MACOSX_DEPLOYMENT_TARGET = 13.0;
				PRODUCT_BUNDLE_IDENTIFIER = br.com.guilhermerambo.Unsterificator;
				PRODUCT_NAME = "$(TARGET_NAME)";
				SWIFT_OBJC_BRIDGING_HEADER = Unsterificator/Unsterificator_Bridging_Header.h;
				SWIFT_VERSION = 5.0;
			};
			name = Debug;
		};
		DD5157781ECC78B900BFD5CD /* Release */ = {
			isa = XCBuildConfiguration;
			buildSettings = {
				ASSETCATALOG_COMPILER_APPICON_NAME = AppIcon;
				ASSETCATALOG_COMPILER_GENERATE_SWIFT_ASSET_SYMBOL_EXTENSIONS = YES;
				ASSETCATALOG_COMPILER_GLOBAL_ACCENT_COLOR_NAME = AccentColor;
				COMBINE_HIDPI_IMAGES = YES;
				DEAD_CODE_STRIPPING = YES;
				DEVELOPMENT_TEAM = 8C7439RJLG;
				FRAMEWORK_SEARCH_PATHS = (
					"$(inherited)",
					"$(SYSTEM_LIBRARY_DIR)/PrivateFrameworks",
				);
				INFOPLIST_FILE = Unsterificator/Info.plist;
				INFOPLIST_KEY_LSApplicationCategoryType = "public.app-category.utilities";
				LD_RUNPATH_SEARCH_PATHS = (
					"$(inherited)",
					"@executable_path/../Frameworks",
				);
				MACOSX_DEPLOYMENT_TARGET = 13.0;
				PRODUCT_BUNDLE_IDENTIFIER = br.com.guilhermerambo.Unsterificator;
				PRODUCT_NAME = "$(TARGET_NAME)";
				SWIFT_OBJC_BRIDGING_HEADER = Unsterificator/Unsterificator_Bridging_Header.h;
				SWIFT_VERSION = 5.0;
			};
			name = Release;
		};
/* End XCBuildConfiguration section */

/* Begin XCConfigurationList section */
		DD5157621ECC78B900BFD5CD /* Build configuration list for PBXProject "Unsterificator" */ = {
			isa = XCConfigurationList;
			buildConfigurations = (
				DD5157741ECC78B900BFD5CD /* Debug */,
				DD5157751ECC78B900BFD5CD /* Release */,
			);
			defaultConfigurationIsVisible = 0;
			defaultConfigurationName = Release;
		};
		DD5157761ECC78B900BFD5CD /* Build configuration list for PBXNativeTarget "Unsterificator" */ = {
			isa = XCConfigurationList;
			buildConfigurations = (
				DD5157771ECC78B900BFD5CD /* Debug */,
				DD5157781ECC78B900BFD5CD /* Release */,
			);
			defaultConfigurationIsVisible = 0;
			defaultConfigurationName = Release;
		};
/* End XCConfigurationList section */

/* Begin XCRemoteSwiftPackageReference section */
		F4E155412BB5AB40008354CD /* XCRemoteSwiftPackageReference "LaunchAtLogin" */ = {
			isa = XCRemoteSwiftPackageReference;
			repositoryURL = "https://github.com/davedelong/LaunchAtLogin.git";
			requirement = {
				branch = main;
				kind = branch;
			};
		};
		F4E1554F2BB5B445008354CD /* XCRemoteSwiftPackageReference "KeyboardShortcuts" */ = {
			isa = XCRemoteSwiftPackageReference;
			repositoryURL = "https://github.com/sindresorhus/KeyboardShortcuts.git";
			requirement = {
				kind = upToNextMajorVersion;
				minimumVersion = 2.0.0;
			};
		};
/* End XCRemoteSwiftPackageReference section */

/* Begin XCSwiftPackageProductDependency section */
		F4E155422BB5AB40008354CD /* LaunchAtLogin */ = {
			isa = XCSwiftPackageProductDependency;
			package = F4E155412BB5AB40008354CD /* XCRemoteSwiftPackageReference "LaunchAtLogin" */;
			productName = LaunchAtLogin;
		};
		F4E155502BB5B445008354CD /* KeyboardShortcuts */ = {
			isa = XCSwiftPackageProductDependency;
			package = F4E1554F2BB5B445008354CD /* XCRemoteSwiftPackageReference "KeyboardShortcuts" */;
			productName = KeyboardShortcuts;
		};
/* End XCSwiftPackageProductDependency section */
	};
	rootObject = DD51575F1ECC78B900BFD5CD /* Project object */;
}
